// !$*UTF8*$!
{
	archiveVersion = 1;
	classes = {
	};
	objectVersion = 77;
	objects = {

/* Begin PBXContainerItemProxy section */
		E5BC311B2CF7B53F00C38753 /* PBXContainerItemProxy */ = {
			isa = PBXContainerItemProxy;
			containerPortal = E5BC31022CF7B53E00C38753 /* Project object */;
			proxyType = 1;
			remoteGlobalIDString = E5BC31092CF7B53E00C38753;
			remoteInfo = Buddies;
		};
		E5BC31252CF7B53F00C38753 /* PBXContainerItemProxy */ = {
			isa = PBXContainerItemProxy;
			containerPortal = E5BC31022CF7B53E00C38753 /* Project object */;
			proxyType = 1;
			remoteGlobalIDString = E5BC31092CF7B53E00C38753;
			remoteInfo = Buddies;
		};
/* End PBXContainerItemProxy section */

/* Begin PBXFileReference section */
		E5BC310A2CF7B53E00C38753 /* Buddies.app */ = {isa = PBXFileReference; explicitFileType = wrapper.application; includeInIndex = 0; path = Buddies.app; sourceTree = BUILT_PRODUCTS_DIR; };
		E5BC311A2CF7B53F00C38753 /* BuddiesTests.xctest */ = {isa = PBXFileReference; explicitFileType = wrapper.cfbundle; includeInIndex = 0; path = BuddiesTests.xctest; sourceTree = BUILT_PRODUCTS_DIR; };
		E5BC31242CF7B53F00C38753 /* BuddiesUITests.xctest */ = {isa = PBXFileReference; explicitFileType = wrapper.cfbundle; includeInIndex = 0; path = BuddiesUITests.xctest; sourceTree = BUILT_PRODUCTS_DIR; };
/* End PBXFileReference section */

/* Begin PBXFileSystemSynchronizedRootGroup section */
		E5BC310C2CF7B53E00C38753 /* Buddies */ = {
			isa = PBXFileSystemSynchronizedRootGroup;
			path = Buddies;
			sourceTree = "<group>";
		};
		E5BC311D2CF7B53F00C38753 /* BuddiesTests */ = {
			isa = PBXFileSystemSynchronizedRootGroup;
			path = BuddiesTests;
			sourceTree = "<group>";
		};
		E5BC31272CF7B53F00C38753 /* BuddiesUITests */ = {
			isa = PBXFileSystemSynchronizedRootGroup;
			path = BuddiesUITests;
			sourceTree = "<group>";
		};
/* End PBXFileSystemSynchronizedRootGroup section */

/* Begin PBXFrameworksBuildPhase section */
		E5BC31072CF7B53E00C38753 /* Frameworks */ = {
			isa = PBXFrameworksBuildPhase;
			buildActionMask = 2147483647;
			files = (
			);
			runOnlyForDeploymentPostprocessing = 0;
		};
		E5BC31172CF7B53F00C38753 /* Frameworks */ = {
			isa = PBXFrameworksBuildPhase;
			buildActionMask = 2147483647;
			files = (
			);
			runOnlyForDeploymentPostprocessing = 0;
		};
		E5BC31212CF7B53F00C38753 /* Frameworks */ = {
			isa = PBXFrameworksBuildPhase;
			buildActionMask = 2147483647;
			files = (
			);
			runOnlyForDeploymentPostprocessing = 0;
		};
/* End PBXFrameworksBuildPhase section */

/* Begin PBXGroup section */
		E5BC31012CF7B53E00C38753 = {
			isa = PBXGroup;
			children = (
				E5BC310C2CF7B53E00C38753 /* Buddies */,
				E5BC311D2CF7B53F00C38753 /* BuddiesTests */,
				E5BC31272CF7B53F00C38753 /* BuddiesUITests */,
				E5BC310B2CF7B53E00C38753 /* Products */,
			);
			sourceTree = "<group>";
		};
		E5BC310B2CF7B53E00C38753 /* Products */ = {
			isa = PBXGroup;
			children = (
				E5BC310A2CF7B53E00C38753 /* Buddies.app */,
				E5BC311A2CF7B53F00C38753 /* BuddiesTests.xctest */,
				E5BC31242CF7B53F00C38753 /* BuddiesUITests.xctest */,
			);
			name = Products;
			sourceTree = "<group>";
		};
/* End PBXGroup section */

/* Begin PBXNativeTarget section */
		E5BC31092CF7B53E00C38753 /* Buddies */ = {
			isa = PBXNativeTarget;
			buildConfigurationList = E5BC312E2CF7B53F00C38753 /* Build configuration list for PBXNativeTarget "Buddies" */;
			buildPhases = (
				E5BC31062CF7B53E00C38753 /* Sources */,
				E5BC31072CF7B53E00C38753 /* Frameworks */,
				E5BC31082CF7B53E00C38753 /* Resources */,
			);
			buildRules = (
			);
			dependencies = (
			);
			fileSystemSynchronizedGroups = (
				E5BC310C2CF7B53E00C38753 /* Buddies */,
			);
			name = Buddies;
			packageProductDependencies = (
			);
			productName = Buddies;
			productReference = E5BC310A2CF7B53E00C38753 /* Buddies.app */;
			productType = "com.apple.product-type.application";
		};
		E5BC31192CF7B53F00C38753 /* BuddiesTests */ = {
			isa = PBXNativeTarget;
			buildConfigurationList = E5BC31312CF7B53F00C38753 /* Build configuration list for PBXNativeTarget "BuddiesTests" */;
			buildPhases = (
				E5BC31162CF7B53F00C38753 /* Sources */,
				E5BC31172CF7B53F00C38753 /* Frameworks */,
				E5BC31182CF7B53F00C38753 /* Resources */,
			);
			buildRules = (
			);
			dependencies = (
				E5BC311C2CF7B53F00C38753 /* PBXTargetDependency */,
			);
			fileSystemSynchronizedGroups = (
				E5BC311D2CF7B53F00C38753 /* BuddiesTests */,
			);
			name = BuddiesTests;
			packageProductDependencies = (
			);
			productName = BuddiesTests;
			productReference = E5BC311A2CF7B53F00C38753 /* BuddiesTests.xctest */;
			productType = "com.apple.product-type.bundle.unit-test";
		};
		E5BC31232CF7B53F00C38753 /* BuddiesUITests */ = {
			isa = PBXNativeTarget;
			buildConfigurationList = E5BC31342CF7B53F00C38753 /* Build configuration list for PBXNativeTarget "BuddiesUITests" */;
			buildPhases = (
				E5BC31202CF7B53F00C38753 /* Sources */,
				E5BC31212CF7B53F00C38753 /* Frameworks */,
				E5BC31222CF7B53F00C38753 /* Resources */,
			);
			buildRules = (
			);
			dependencies = (
				E5BC31262CF7B53F00C38753 /* PBXTargetDependency */,
			);
			fileSystemSynchronizedGroups = (
				E5BC31272CF7B53F00C38753 /* BuddiesUITests */,
			);
			name = BuddiesUITests;
			packageProductDependencies = (
			);
			productName = BuddiesUITests;
			productReference = E5BC31242CF7B53F00C38753 /* BuddiesUITests.xctest */;
			productType = "com.apple.product-type.bundle.ui-testing";
		};
/* End PBXNativeTarget section */

/* Begin PBXProject section */
		E5BC31022CF7B53E00C38753 /* Project object */ = {
			isa = PBXProject;
			attributes = {
				BuildIndependentTargetsInParallel = 1;
				LastSwiftUpdateCheck = 1600;
				LastUpgradeCheck = 1600;
				TargetAttributes = {
					E5BC31092CF7B53E00C38753 = {
						CreatedOnToolsVersion = 16.0;
					};
					E5BC31192CF7B53F00C38753 = {
						CreatedOnToolsVersion = 16.0;
						TestTargetID = E5BC31092CF7B53E00C38753;
					};
					E5BC31232CF7B53F00C38753 = {
						CreatedOnToolsVersion = 16.0;
						TestTargetID = E5BC31092CF7B53E00C38753;
					};
				};
			};
			buildConfigurationList = E5BC31052CF7B53E00C38753 /* Build configuration list for PBXProject "Buddies" */;
			developmentRegion = en;
			hasScannedForEncodings = 0;
			knownRegions = (
				en,
				Base,
			);
			mainGroup = E5BC31012CF7B53E00C38753;
			minimizedProjectReferenceProxies = 1;
			preferredProjectObjectVersion = 77;
			productRefGroup = E5BC310B2CF7B53E00C38753 /* Products */;
			projectDirPath = "";
			projectRoot = "";
			targets = (
				E5BC31092CF7B53E00C38753 /* Buddies */,
				E5BC31192CF7B53F00C38753 /* BuddiesTests */,
				E5BC31232CF7B53F00C38753 /* BuddiesUITests */,
			);
		};
/* End PBXProject section */

/* Begin PBXResourcesBuildPhase section */
		E5BC31082CF7B53E00C38753 /* Resources */ = {
			isa = PBXResourcesBuildPhase;
			buildActionMask = 2147483647;
			files = (
			);
			runOnlyForDeploymentPostprocessing = 0;
		};
		E5BC31182CF7B53F00C38753 /* Resources */ = {
			isa = PBXResourcesBuildPhase;
			buildActionMask = 2147483647;
			files = (
			);
			runOnlyForDeploymentPostprocessing = 0;
		};
		E5BC31222CF7B53F00C38753 /* Resources */ = {
			isa = PBXResourcesBuildPhase;
			buildActionMask = 2147483647;
			files = (
			);
			runOnlyForDeploymentPostprocessing = 0;
		};
/* End PBXResourcesBuildPhase section */

/* Begin PBXSourcesBuildPhase section */
		E5BC31062CF7B53E00C38753 /* Sources */ = {
			isa = PBXSourcesBuildPhase;
			buildActionMask = 2147483647;
			files = (
			);
			runOnlyForDeploymentPostprocessing = 0;
		};
		E5BC31162CF7B53F00C38753 /* Sources */ = {
			isa = PBXSourcesBuildPhase;
			buildActionMask = 2147483647;
			files = (
			);
			runOnlyForDeploymentPostprocessing = 0;
		};
		E5BC31202CF7B53F00C38753 /* Sources */ = {
			isa = PBXSourcesBuildPhase;
			buildActionMask = 2147483647;
			files = (
			);
			runOnlyForDeploymentPostprocessing = 0;
		};
/* End PBXSourcesBuildPhase section */

/* Begin PBXTargetDependency section */
		E5BC311C2CF7B53F00C38753 /* PBXTargetDependency */ = {
			isa = PBXTargetDependency;
			target = E5BC31092CF7B53E00C38753 /* Buddies */;
			targetProxy = E5BC311B2CF7B53F00C38753 /* PBXContainerItemProxy */;
		};
		E5BC31262CF7B53F00C38753 /* PBXTargetDependency */ = {
			isa = PBXTargetDependency;
			target = E5BC31092CF7B53E00C38753 /* Buddies */;
			targetProxy = E5BC31252CF7B53F00C38753 /* PBXContainerItemProxy */;
		};
/* End PBXTargetDependency section */

/* Begin XCBuildConfiguration section */
		E5BC312C2CF7B53F00C38753 /* Debug */ = {
			isa = XCBuildConfiguration;
			buildSettings = {
				ALWAYS_SEARCH_USER_PATHS = NO;
				ASSETCATALOG_COMPILER_GENERATE_SWIFT_ASSET_SYMBOL_EXTENSIONS = YES;
				CLANG_ANALYZER_NONNULL = YES;
				CLANG_ANALYZER_NUMBER_OBJECT_CONVERSION = YES_AGGRESSIVE;
				CLANG_CXX_LANGUAGE_STANDARD = "gnu++20";
				CLANG_ENABLE_MODULES = YES;
				CLANG_ENABLE_OBJC_ARC = YES;
				CLANG_ENABLE_OBJC_WEAK = YES;
				CLANG_WARN_BLOCK_CAPTURE_AUTORELEASING = YES;
				CLANG_WARN_BOOL_CONVERSION = YES;
				CLANG_WARN_COMMA = YES;
				CLANG_WARN_CONSTANT_CONVERSION = YES;
				CLANG_WARN_DEPRECATED_OBJC_IMPLEMENTATIONS = YES;
				CLANG_WARN_DIRECT_OBJC_ISA_USAGE = YES_ERROR;
				CLANG_WARN_DOCUMENTATION_COMMENTS = YES;
				CLANG_WARN_EMPTY_BODY = YES;
				CLANG_WARN_ENUM_CONVERSION = YES;
				CLANG_WARN_INFINITE_RECURSION = YES;
				CLANG_WARN_INT_CONVERSION = YES;
				CLANG_WARN_NON_LITERAL_NULL_CONVERSION = YES;
				CLANG_WARN_OBJC_IMPLICIT_RETAIN_SELF = YES;
				CLANG_WARN_OBJC_LITERAL_CONVERSION = YES;
				CLANG_WARN_OBJC_ROOT_CLASS = YES_ERROR;
				CLANG_WARN_QUOTED_INCLUDE_IN_FRAMEWORK_HEADER = YES;
				CLANG_WARN_RANGE_LOOP_ANALYSIS = YES;
				CLANG_WARN_STRICT_PROTOTYPES = YES;
				CLANG_WARN_SUSPICIOUS_MOVE = YES;
				CLANG_WARN_UNGUARDED_AVAILABILITY = YES_AGGRESSIVE;
				CLANG_WARN_UNREACHABLE_CODE = YES;
				CLANG_WARN__DUPLICATE_METHOD_MATCH = YES;
				COPY_PHASE_STRIP = NO;
				DEBUG_INFORMATION_FORMAT = dwarf;
				ENABLE_STRICT_OBJC_MSGSEND = YES;
				ENABLE_TESTABILITY = YES;
				ENABLE_USER_SCRIPT_SANDBOXING = YES;
				GCC_C_LANGUAGE_STANDARD = gnu17;
				GCC_DYNAMIC_NO_PIC = NO;
				GCC_NO_COMMON_BLOCKS = YES;
				GCC_OPTIMIZATION_LEVEL = 0;
				GCC_PREPROCESSOR_DEFINITIONS = (
					"DEBUG=1",
					"$(inherited)",
				);
				GCC_WARN_64_TO_32_BIT_CONVERSION = YES;
				GCC_WARN_ABOUT_RETURN_TYPE = YES_ERROR;
				GCC_WARN_UNDECLARED_SELECTOR = YES;
				GCC_WARN_UNINITIALIZED_AUTOS = YES_AGGRESSIVE;
				GCC_WARN_UNUSED_FUNCTION = YES;
				GCC_WARN_UNUSED_VARIABLE = YES;
				IPHONEOS_DEPLOYMENT_TARGET = 18.0;
				LOCALIZATION_PREFERS_STRING_CATALOGS = YES;
				MTL_ENABLE_DEBUG_INFO = INCLUDE_SOURCE;
				MTL_FAST_MATH = YES;
				ONLY_ACTIVE_ARCH = YES;
				SDKROOT = iphoneos;
				SWIFT_ACTIVE_COMPILATION_CONDITIONS = "DEBUG $(inherited)";
				SWIFT_OPTIMIZATION_LEVEL = "-Onone";
			};
			name = Debug;
		};
		E5BC312D2CF7B53F00C38753 /* Release */ = {
			isa = XCBuildConfiguration;
			buildSettings = {
				ALWAYS_SEARCH_USER_PATHS = NO;
				ASSETCATALOG_COMPILER_GENERATE_SWIFT_ASSET_SYMBOL_EXTENSIONS = YES;
				CLANG_ANALYZER_NONNULL = YES;
				CLANG_ANALYZER_NUMBER_OBJECT_CONVERSION = YES_AGGRESSIVE;
				CLANG_CXX_LANGUAGE_STANDARD = "gnu++20";
				CLANG_ENABLE_MODULES = YES;
				CLANG_ENABLE_OBJC_ARC = YES;
				CLANG_ENABLE_OBJC_WEAK = YES;
				CLANG_WARN_BLOCK_CAPTURE_AUTORELEASING = YES;
				CLANG_WARN_BOOL_CONVERSION = YES;
				CLANG_WARN_COMMA = YES;
				CLANG_WARN_CONSTANT_CONVERSION = YES;
				CLANG_WARN_DEPRECATED_OBJC_IMPLEMENTATIONS = YES;
				CLANG_WARN_DIRECT_OBJC_ISA_USAGE = YES_ERROR;
				CLANG_WARN_DOCUMENTATION_COMMENTS = YES;
				CLANG_WARN_EMPTY_BODY = YES;
				CLANG_WARN_ENUM_CONVERSION = YES;
				CLANG_WARN_INFINITE_RECURSION = YES;
				CLANG_WARN_INT_CONVERSION = YES;
				CLANG_WARN_NON_LITERAL_NULL_CONVERSION = YES;
				CLANG_WARN_OBJC_IMPLICIT_RETAIN_SELF = YES;
				CLANG_WARN_OBJC_LITERAL_CONVERSION = YES;
				CLANG_WARN_OBJC_ROOT_CLASS = YES_ERROR;
				CLANG_WARN_QUOTED_INCLUDE_IN_FRAMEWORK_HEADER = YES;
				CLANG_WARN_RANGE_LOOP_ANALYSIS = YES;
				CLANG_WARN_STRICT_PROTOTYPES = YES;
				CLANG_WARN_SUSPICIOUS_MOVE = YES;
				CLANG_WARN_UNGUARDED_AVAILABILITY = YES_AGGRESSIVE;
				CLANG_WARN_UNREACHABLE_CODE = YES;
				CLANG_WARN__DUPLICATE_METHOD_MATCH = YES;
				COPY_PHASE_STRIP = NO;
				DEBUG_INFORMATION_FORMAT = "dwarf-with-dsym";
				ENABLE_NS_ASSERTIONS = NO;
				ENABLE_STRICT_OBJC_MSGSEND = YES;
				ENABLE_USER_SCRIPT_SANDBOXING = YES;
				GCC_C_LANGUAGE_STANDARD = gnu17;
				GCC_NO_COMMON_BLOCKS = YES;
				GCC_WARN_64_TO_32_BIT_CONVERSION = YES;
				GCC_WARN_ABOUT_RETURN_TYPE = YES_ERROR;
				GCC_WARN_UNDECLARED_SELECTOR = YES;
				GCC_WARN_UNINITIALIZED_AUTOS = YES_AGGRESSIVE;
				GCC_WARN_UNUSED_FUNCTION = YES;
				GCC_WARN_UNUSED_VARIABLE = YES;
				IPHONEOS_DEPLOYMENT_TARGET = 18.0;
				LOCALIZATION_PREFERS_STRING_CATALOGS = YES;
				MTL_ENABLE_DEBUG_INFO = NO;
				MTL_FAST_MATH = YES;
				SDKROOT = iphoneos;
				SWIFT_COMPILATION_MODE = wholemodule;
				VALIDATE_PRODUCT = YES;
			};
			name = Release;
		};
		E5BC312F2CF7B53F00C38753 /* Debug */ = {
			isa = XCBuildConfiguration;
			buildSettings = {
				ASSETCATALOG_COMPILER_APPICON_NAME = AppIcon;
				ASSETCATALOG_COMPILER_GLOBAL_ACCENT_COLOR_NAME = AccentColor;
				CODE_SIGN_STYLE = Automatic;
				CURRENT_PROJECT_VERSION = 1;
				DEVELOPMENT_ASSET_PATHS = "\"Buddies/Preview Content\"";
				DEVELOPMENT_TEAM = U382FCYHUJ;
				ENABLE_PREVIEWS = YES;
				GENERATE_INFOPLIST_FILE = YES;
				INFOPLIST_KEY_UIApplicationSceneManifest_Generation = YES;
				INFOPLIST_KEY_UIApplicationSupportsIndirectInputEvents = YES;
				INFOPLIST_KEY_UILaunchScreen_Generation = YES;
				INFOPLIST_KEY_UISupportedInterfaceOrientations_iPad = "UIInterfaceOrientationPortrait UIInterfaceOrientationPortraitUpsideDown UIInterfaceOrientationLandscapeLeft UIInterfaceOrientationLandscapeRight";
				INFOPLIST_KEY_UISupportedInterfaceOrientations_iPhone = "UIInterfaceOrientationPortrait UIInterfaceOrientationLandscapeLeft UIInterfaceOrientationLandscapeRight";
				LD_RUNPATH_SEARCH_PATHS = (
					"$(inherited)",
					"@executable_path/Frameworks",
				);
				MARKETING_VERSION = 1.0;
				PRODUCT_BUNDLE_IDENTIFIER = nathanaruna.Buddies;
				PRODUCT_NAME = "$(TARGET_NAME)";
				SWIFT_EMIT_LOC_STRINGS = YES;
				SWIFT_VERSION = 5.0;
				TARGETED_DEVICE_FAMILY = "1,2";
			};
			name = Debug;
		};
		E5BC31302CF7B53F00C38753 /* Release */ = {
			isa = XCBuildConfiguration;
			buildSettings = {
				ASSETCATALOG_COMPILER_APPICON_NAME = AppIcon;
				ASSETCATALOG_COMPILER_GLOBAL_ACCENT_COLOR_NAME = AccentColor;
				CODE_SIGN_STYLE = Automatic;
				CURRENT_PROJECT_VERSION = 1;
				DEVELOPMENT_ASSET_PATHS = "\"Buddies/Preview Content\"";
				DEVELOPMENT_TEAM = U382FCYHUJ;
				ENABLE_PREVIEWS = YES;
				GENERATE_INFOPLIST_FILE = YES;
				INFOPLIST_KEY_UIApplicationSceneManifest_Generation = YES;
				INFOPLIST_KEY_UIApplicationSupportsIndirectInputEvents = YES;
				INFOPLIST_KEY_UILaunchScreen_Generation = YES;
				INFOPLIST_KEY_UISupportedInterfaceOrientations_iPad = "UIInterfaceOrientationPortrait UIInterfaceOrientationPortraitUpsideDown UIInterfaceOrientationLandscapeLeft UIInterfaceOrientationLandscapeRight";
				INFOPLIST_KEY_UISupportedInterfaceOrientations_iPhone = "UIInterfaceOrientationPortrait UIInterfaceOrientationLandscapeLeft UIInterfaceOrientationLandscapeRight";
				LD_RUNPATH_SEARCH_PATHS = (
					"$(inherited)",
					"@executable_path/Frameworks",
				);
				MARKETING_VERSION = 1.0;
				PRODUCT_BUNDLE_IDENTIFIER = nathanaruna.Buddies;
				PRODUCT_NAME = "$(TARGET_NAME)";
				SWIFT_EMIT_LOC_STRINGS = YES;
				SWIFT_VERSION = 5.0;
				TARGETED_DEVICE_FAMILY = "1,2";
			};
			name = Release;
		};
		E5BC31322CF7B53F00C38753 /* Debug */ = {
			isa = XCBuildConfiguration;
			buildSettings = {
				BUNDLE_LOADER = "$(TEST_HOST)";
				CODE_SIGN_STYLE = Automatic;
				CURRENT_PROJECT_VERSION = 1;
				DEVELOPMENT_TEAM = U382FCYHUJ;
				GENERATE_INFOPLIST_FILE = YES;
				IPHONEOS_DEPLOYMENT_TARGET = 18.0;
				MARKETING_VERSION = 1.0;
				PRODUCT_BUNDLE_IDENTIFIER = nathanaruna.BuddiesTests;
				PRODUCT_NAME = "$(TARGET_NAME)";
				SWIFT_EMIT_LOC_STRINGS = NO;
				SWIFT_VERSION = 5.0;
				TARGETED_DEVICE_FAMILY = "1,2";
				TEST_HOST = "$(BUILT_PRODUCTS_DIR)/Buddies.app/$(BUNDLE_EXECUTABLE_FOLDER_PATH)/Buddies";
			};
			name = Debug;
		};
		E5BC31332CF7B53F00C38753 /* Release */ = {
			isa = XCBuildConfiguration;
			buildSettings = {
				BUNDLE_LOADER = "$(TEST_HOST)";
				CODE_SIGN_STYLE = Automatic;
				CURRENT_PROJECT_VERSION = 1;
				DEVELOPMENT_TEAM = U382FCYHUJ;
				GENERATE_INFOPLIST_FILE = YES;
				IPHONEOS_DEPLOYMENT_TARGET = 18.0;
				MARKETING_VERSION = 1.0;
				PRODUCT_BUNDLE_IDENTIFIER = nathanaruna.BuddiesTests;
				PRODUCT_NAME = "$(TARGET_NAME)";
				SWIFT_EMIT_LOC_STRINGS = NO;
				SWIFT_VERSION = 5.0;
				TARGETED_DEVICE_FAMILY = "1,2";
				TEST_HOST = "$(BUILT_PRODUCTS_DIR)/Buddies.app/$(BUNDLE_EXECUTABLE_FOLDER_PATH)/Buddies";
			};
			name = Release;
		};
		E5BC31352CF7B53F00C38753 /* Debug */ = {
			isa = XCBuildConfiguration;
			buildSettings = {
				CODE_SIGN_STYLE = Automatic;
				CURRENT_PROJECT_VERSION = 1;
				DEVELOPMENT_TEAM = U382FCYHUJ;
				GENERATE_INFOPLIST_FILE = YES;
				MARKETING_VERSION = 1.0;
				PRODUCT_BUNDLE_IDENTIFIER = nathanaruna.BuddiesUITests;
				PRODUCT_NAME = "$(TARGET_NAME)";
				SWIFT_EMIT_LOC_STRINGS = NO;
				SWIFT_VERSION = 5.0;
				TARGETED_DEVICE_FAMILY = "1,2";
				TEST_TARGET_NAME = Buddies;
			};
			name = Debug;
		};
		E5BC31362CF7B53F00C38753 /* Release */ = {
			isa = XCBuildConfiguration;
			buildSettings = {
				CODE_SIGN_STYLE = Automatic;
				CURRENT_PROJECT_VERSION = 1;
				DEVELOPMENT_TEAM = U382FCYHUJ;
				GENERATE_INFOPLIST_FILE = YES;
				MARKETING_VERSION = 1.0;
				PRODUCT_BUNDLE_IDENTIFIER = nathanaruna.BuddiesUITests;
				PRODUCT_NAME = "$(TARGET_NAME)";
				SWIFT_EMIT_LOC_STRINGS = NO;
				SWIFT_VERSION = 5.0;
				TARGETED_DEVICE_FAMILY = "1,2";
				TEST_TARGET_NAME = Buddies;
			};
			name = Release;
		};
/* End XCBuildConfiguration section */

/* Begin XCConfigurationList section */
		E5BC31052CF7B53E00C38753 /* Build configuration list for PBXProject "Buddies" */ = {
			isa = XCConfigurationList;
			buildConfigurations = (
				E5BC312C2CF7B53F00C38753 /* Debug */,
				E5BC312D2CF7B53F00C38753 /* Release */,
			);
			defaultConfigurationIsVisible = 0;
			defaultConfigurationName = Release;
		};
		E5BC312E2CF7B53F00C38753 /* Build configuration list for PBXNativeTarget "Buddies" */ = {
			isa = XCConfigurationList;
			buildConfigurations = (
				E5BC312F2CF7B53F00C38753 /* Debug */,
				E5BC31302CF7B53F00C38753 /* Release */,
			);
			defaultConfigurationIsVisible = 0;
			defaultConfigurationName = Release;
		};
		E5BC31312CF7B53F00C38753 /* Build configuration list for PBXNativeTarget "BuddiesTests" */ = {
			isa = XCConfigurationList;
			buildConfigurations = (
				E5BC31322CF7B53F00C38753 /* Debug */,
				E5BC31332CF7B53F00C38753 /* Release */,
			);
			defaultConfigurationIsVisible = 0;
			defaultConfigurationName = Release;
		};
		E5BC31342CF7B53F00C38753 /* Build configuration list for PBXNativeTarget "BuddiesUITests" */ = {
			isa = XCConfigurationList;
			buildConfigurations = (
				E5BC31352CF7B53F00C38753 /* Debug */,
				E5BC31362CF7B53F00C38753 /* Release */,
			);
			defaultConfigurationIsVisible = 0;
			defaultConfigurationName = Release;
		};
/* End XCConfigurationList section */
	};
	rootObject = E5BC31022CF7B53E00C38753 /* Project object */;
}
